{
  "object": {
    "pins": [
      {
        "package": "CLibreSSL",
        "repositoryURL": "https://github.com/vapor/clibressl.git",
        "state": {
          "branch": null,
          "revision": "23ddb296981d17a8ee6c7418742a40cad5d2f9d0",
          "version": "1.0.0"
        }
      },
      {
        "package": "Core",
        "repositoryURL": "https://github.com/vapor/core.git",
        "state": {
          "branch": null,
          "revision": "661a105e25a8d84cb61f268c0b6ed85834493761",
          "version": "1.1.2"
        }
      },
      {
        "package": "Crypto",
        "repositoryURL": "https://github.com/vapor/crypto.git",
        "state": {
          "branch": null,
          "revision": "f55ce8fa7c8c42c4219091d031dbf97b6177ab8e",
          "version": "1.1.0"
        }
      },
      {
        "package": "Socks",
        "repositoryURL": "https://github.com/vapor/socks.git",
        "state": {
          "branch": null,
          "revision": "0e39b4c53b213888284821348d7c6b000ee836da",
          "version": "1.2.7"
        }
      },
      {
        "package": "TLS",
        "repositoryURL": "https://github.com/vapor/tls.git",
        "state": {
          "branch": null,
          "revision": "1eda7c705faa112302f6c65b5039c2341b6352f6",
          "version": "1.1.2"
        }
      }
    ]
  },
  "version": 1
}
